
Microsoft Visual Studio Solution File, Format Version 12.00
# Visual Studio 15
VisualStudioVersion = 15.0.28010.2036
MinimumVisualStudioVersion = 10.0.40219.1
Project("{F184B08F-C81C-45F6-A57F-5ABD9991F28F}") = "TestDeserializeAnonymousType", "TestDeserializeAnonymousType\TestDeserializeAnonymousType.vbproj", "{EE13DCDC-BD30-432C-9722-F3612A0B3A6C}"
EndProject
Global
	GlobalSection(SolutionConfigurationPlatforms) = preSolution
		Debug|Any CPU = Debug|Any CPU
		Release|Any CPU = Release|Any CPU
	EndGlobalSection
	GlobalSection(ProjectConfigurationPlatforms) = postSolution
		{EE13DCDC-BD30-432C-9722-F3612A0B3A6C}.Debug|Any CPU.ActiveCfg = Debug|Any CPU
		{EE13DCDC-BD30-432C-9722-F3612A0B3A6C}.Debug|Any CPU.Build.0 = Debug|Any CPU
		{EE13DCDC-BD30-432C-9722-F3612A0B3A6C}.Release|Any CPU.ActiveCfg = Release|Any CPU
		{EE13DCDC-BD30-432C-9722-F3612A0B3A6C}.Release|Any CPU.Build.0 = Release|Any CPU
	EndGlobalSection
	GlobalSection(SolutionProperties) = preSolution
		HideSolutionNode = FALSE
	EndGlobalSection
	GlobalSection(ExtensibilityGlobals) = postSolution
		SolutionGuid = {EE147027-D32D-45B5-B6AB-3E0C6A5B2D5F}
	EndGlobalSection
EndGlobal
